
Microsoft Visual Studio Solution File, Format Version 12.00
# Visual Studio Version 17
VisualStudioVersion = 17.13.36105.23
MinimumVisualStudioVersion = 10.0.40219.1
Project("{2150E333-8FDC-42A3-9474-1A3956D46DE8}") = "Services", "Services", "{02EA681E-C7D8-13C7-8484-4AC65E1B71E8}"
EndProject
Project("{2150E333-8FDC-42A3-9474-1A3956D46DE8}") = "Catalog", "Catalog", "{2614DCE4-3C3D-4E3E-9073-0E9ECEA6F00C}"
EndProject
Project("{FAE04EC0-301F-11D3-BF4B-00C04F79EFBC}") = "Catalog.API", "Services\Catalog\Catalog.API\Catalog.API.csproj", "{E73B501A-B9DD-4930-9203-CDEE1C0913FD}"
EndProject
Project("{2150E333-8FDC-42A3-9474-1A3956D46DE8}") = "BuildingBlocks", "BuildingBlocks", "{5075A9B7-80CD-41CD-83A0-929F648DA4AF}"
EndProject
Project("{FAE04EC0-301F-11D3-BF4B-00C04F79EFBC}") = "BuildingBlocks", "BuildingBlocks\BuildingBlocks\BuildingBlocks.csproj", "{38C52F72-74D0-4B1A-9C78-3BD8C4DEF40D}"
EndProject
Project("{E53339B2-1760-4266-BCC7-CA923CBCF16C}") = "docker-compose", "docker-compose.dcproj", "{81DDED9D-158B-E303-5F62-77A2896D2A5A}"
EndProject
Project("{2150E333-8FDC-42A3-9474-1A3956D46DE8}") = "Basket", "Basket", "{ECFE7FF0-1BF1-41B4-8A60-371605557B8F}"
EndProject
Project("{FAE04EC0-301F-11D3-BF4B-00C04F79EFBC}") = "Basket.API", "Services\Basket\Basket.API\Basket.API.csproj", "{BD0AA410-BA1A-4326-B870-ABCE334D4452}"
EndProject
Project("{2150E333-8FDC-42A3-9474-1A3956D46DE8}") = "Discount", "Discount", "{47385B8F-D759-4C24-84E4-14230FB07B95}"
EndProject
Project("{FAE04EC0-301F-11D3-BF4B-00C04F79EFBC}") = "Discount.Grpc", "Services\Discount\Discount.Grpc\Discount.Grpc.csproj", "{D72A2705-13CD-43C4-BA29-B6AF6B5514AF}"
EndProject
Project("{2150E333-8FDC-42A3-9474-1A3956D46DE8}") = "Ordering", "Ordering", "{5641052D-03F0-4B40-8446-3AF9AFCE8E63}"
EndProject
Project("{FAE04EC0-301F-11D3-BF4B-00C04F79EFBC}") = "Ordering.Api", "Services\Ordering\Ordering.Api\Ordering.Api.csproj", "{88BF290F-587C-4E45-B1A0-54E2441C5E8F}"
EndProject
Project("{FAE04EC0-301F-11D3-BF4B-00C04F79EFBC}") = "Ordering.Domain", "Services\Ordering\Ordering.Domain\Ordering.Domain.csproj", "{7AA61F08-3243-44FC-A01E-621674DB7D3C}"
EndProject
Project("{FAE04EC0-301F-11D3-BF4B-00C04F79EFBC}") = "Ordering.Application", "Services\Ordering\Ordering.Application\Ordering.Application.csproj", "{2BD25F76-127D-49A5-B290-E8A60C9E6D83}"
EndProject
Project("{FAE04EC0-301F-11D3-BF4B-00C04F79EFBC}") = "Ordering.Infrastructure", "Services\Ordering\Ordering.Infrastructure\Ordering.Infrastructure.csproj", "{D8B38EBE-D7BD-44FF-82CC-CF0F2FE415FA}"
EndProject
Project("{FAE04EC0-301F-11D3-BF4B-00C04F79EFBC}") = "BuildingBlocks.Messaging", "BuildingBlocks\BuildingBlocks.Messaging\BuildingBlocks.Messaging.csproj", "{105C2600-F41E-4D84-AF8A-7DE54EA897BA}"
EndProject
Global
	GlobalSection(SolutionConfigurationPlatforms) = preSolution
		Debug|Any CPU = Debug|Any CPU
		Release|Any CPU = Release|Any CPU
	EndGlobalSection
	GlobalSection(ProjectConfigurationPlatforms) = postSolution
		{E73B501A-B9DD-4930-9203-CDEE1C0913FD}.Debug|Any CPU.ActiveCfg = Debug|Any CPU
		{E73B501A-B9DD-4930-9203-CDEE1C0913FD}.Debug|Any CPU.Build.0 = Debug|Any CPU
		{E73B501A-B9DD-4930-9203-CDEE1C0913FD}.Release|Any CPU.ActiveCfg = Release|Any CPU
		{E73B501A-B9DD-4930-9203-CDEE1C0913FD}.Release|Any CPU.Build.0 = Release|Any CPU
		{38C52F72-74D0-4B1A-9C78-3BD8C4DEF40D}.Debug|Any CPU.ActiveCfg = Debug|Any CPU
		{38C52F72-74D0-4B1A-9C78-3BD8C4DEF40D}.Debug|Any CPU.Build.0 = Debug|Any CPU
		{38C52F72-74D0-4B1A-9C78-3BD8C4DEF40D}.Release|Any CPU.ActiveCfg = Release|Any CPU
		{38C52F72-74D0-4B1A-9C78-3BD8C4DEF40D}.Release|Any CPU.Build.0 = Release|Any CPU
		{81DDED9D-158B-E303-5F62-77A2896D2A5A}.Debug|Any CPU.ActiveCfg = Debug|Any CPU
		{81DDED9D-158B-E303-5F62-77A2896D2A5A}.Debug|Any CPU.Build.0 = Debug|Any CPU
		{81DDED9D-158B-E303-5F62-77A2896D2A5A}.Release|Any CPU.ActiveCfg = Release|Any CPU
		{81DDED9D-158B-E303-5F62-77A2896D2A5A}.Release|Any CPU.Build.0 = Release|Any CPU
		{BD0AA410-BA1A-4326-B870-ABCE334D4452}.Debug|Any CPU.ActiveCfg = Debug|Any CPU
		{BD0AA410-BA1A-4326-B870-ABCE334D4452}.Debug|Any CPU.Build.0 = Debug|Any CPU
		{BD0AA410-BA1A-4326-B870-ABCE334D4452}.Release|Any CPU.ActiveCfg = Release|Any CPU
		{BD0AA410-BA1A-4326-B870-ABCE334D4452}.Release|Any CPU.Build.0 = Release|Any CPU
		{D72A2705-13CD-43C4-BA29-B6AF6B5514AF}.Debug|Any CPU.ActiveCfg = Debug|Any CPU
		{D72A2705-13CD-43C4-BA29-B6AF6B5514AF}.Debug|Any CPU.Build.0 = Debug|Any CPU
		{D72A2705-13CD-43C4-BA29-B6AF6B5514AF}.Release|Any CPU.ActiveCfg = Release|Any CPU
		{D72A2705-13CD-43C4-BA29-B6AF6B5514AF}.Release|Any CPU.Build.0 = Release|Any CPU
		{88BF290F-587C-4E45-B1A0-54E2441C5E8F}.Debug|Any CPU.ActiveCfg = Debug|Any CPU
		{88BF290F-587C-4E45-B1A0-54E2441C5E8F}.Debug|Any CPU.Build.0 = Debug|Any CPU
		{88BF290F-587C-4E45-B1A0-54E2441C5E8F}.Release|Any CPU.ActiveCfg = Release|Any CPU
		{88BF290F-587C-4E45-B1A0-54E2441C5E8F}.Release|Any CPU.Build.0 = Release|Any CPU
		{7AA61F08-3243-44FC-A01E-621674DB7D3C}.Debug|Any CPU.ActiveCfg = Debug|Any CPU
		{7AA61F08-3243-44FC-A01E-621674DB7D3C}.Debug|Any CPU.Build.0 = Debug|Any CPU
		{7AA61F08-3243-44FC-A01E-621674DB7D3C}.Release|Any CPU.ActiveCfg = Release|Any CPU
		{7AA61F08-3243-44FC-A01E-621674DB7D3C}.Release|Any CPU.Build.0 = Release|Any CPU
		{2BD25F76-127D-49A5-B290-E8A60C9E6D83}.Debug|Any CPU.ActiveCfg = Debug|Any CPU
		{2BD25F76-127D-49A5-B290-E8A60C9E6D83}.Debug|Any CPU.Build.0 = Debug|Any CPU
		{2BD25F76-127D-49A5-B290-E8A60C9E6D83}.Release|Any CPU.ActiveCfg = Release|Any CPU
		{2BD25F76-127D-49A5-B290-E8A60C9E6D83}.Release|Any CPU.Build.0 = Release|Any CPU
		{D8B38EBE-D7BD-44FF-82CC-CF0F2FE415FA}.Debug|Any CPU.ActiveCfg = Debug|Any CPU
		{D8B38EBE-D7BD-44FF-82CC-CF0F2FE415FA}.Debug|Any CPU.Build.0 = Debug|Any CPU
		{D8B38EBE-D7BD-44FF-82CC-CF0F2FE415FA}.Release|Any CPU.ActiveCfg = Release|Any CPU
		{D8B38EBE-D7BD-44FF-82CC-CF0F2FE415FA}.Release|Any CPU.Build.0 = Release|Any CPU
		{105C2600-F41E-4D84-AF8A-7DE54EA897BA}.Debug|Any CPU.ActiveCfg = Debug|Any CPU
		{105C2600-F41E-4D84-AF8A-7DE54EA897BA}.Debug|Any CPU.Build.0 = Debug|Any CPU
		{105C2600-F41E-4D84-AF8A-7DE54EA897BA}.Release|Any CPU.ActiveCfg = Release|Any CPU
		{105C2600-F41E-4D84-AF8A-7DE54EA897BA}.Release|Any CPU.Build.0 = Release|Any CPU
	EndGlobalSection
	GlobalSection(SolutionProperties) = preSolution
		HideSolutionNode = FALSE
	EndGlobalSection
	GlobalSection(NestedProjects) = preSolution
		{2614DCE4-3C3D-4E3E-9073-0E9ECEA6F00C} = {02EA681E-C7D8-13C7-8484-4AC65E1B71E8}
		{E73B501A-B9DD-4930-9203-CDEE1C0913FD} = {2614DCE4-3C3D-4E3E-9073-0E9ECEA6F00C}
		{38C52F72-74D0-4B1A-9C78-3BD8C4DEF40D} = {5075A9B7-80CD-41CD-83A0-929F648DA4AF}
		{ECFE7FF0-1BF1-41B4-8A60-371605557B8F} = {02EA681E-C7D8-13C7-8484-4AC65E1B71E8}
		{BD0AA410-BA1A-4326-B870-ABCE334D4452} = {ECFE7FF0-1BF1-41B4-8A60-371605557B8F}
		{47385B8F-D759-4C24-84E4-14230FB07B95} = {02EA681E-C7D8-13C7-8484-4AC65E1B71E8}
		{D72A2705-13CD-43C4-BA29-B6AF6B5514AF} = {47385B8F-D759-4C24-84E4-14230FB07B95}
		{5641052D-03F0-4B40-8446-3AF9AFCE8E63} = {02EA681E-C7D8-13C7-8484-4AC65E1B71E8}
		{88BF290F-587C-4E45-B1A0-54E2441C5E8F} = {5641052D-03F0-4B40-8446-3AF9AFCE8E63}
		{7AA61F08-3243-44FC-A01E-621674DB7D3C} = {5641052D-03F0-4B40-8446-3AF9AFCE8E63}
		{2BD25F76-127D-49A5-B290-E8A60C9E6D83} = {5641052D-03F0-4B40-8446-3AF9AFCE8E63}
		{D8B38EBE-D7BD-44FF-82CC-CF0F2FE415FA} = {5641052D-03F0-4B40-8446-3AF9AFCE8E63}
		{105C2600-F41E-4D84-AF8A-7DE54EA897BA} = {5075A9B7-80CD-41CD-83A0-929F648DA4AF}
	EndGlobalSection
	GlobalSection(ExtensibilityGlobals) = postSolution
		SolutionGuid = {F5BCFA1E-2EA5-4BC1-9C2E-3B3D08C76B64}
	EndGlobalSection
EndGlobal
